
Microsoft Visual Studio Solution File, Format Version 12.00
# Visual Studio Version 16
VisualStudioVersion = 16.0.29209.62
MinimumVisualStudioVersion = 10.0.40219.1
Project("{FAE04EC0-301F-11D3-BF4B-00C04F79EFBC}") = "委托", "..\委托\委托.csproj", "{03B3A13E-D4C9-455D-BFE1-2FD7567BF8DC}"
EndProject
Project("{FAE04EC0-301F-11D3-BF4B-00C04F79EFBC}") = "TaskDemo", "TaskDemo\TaskDemo.csproj", "{EC742FCA-BCB8-4F71-BB08-4A31C1B795C5}"
EndProject
Global
	GlobalSection(SolutionConfigurationPlatforms) = preSolution
		Debug|Any CPU = Debug|Any CPU
		Release|Any CPU = Release|Any CPU
	EndGlobalSection
	GlobalSection(ProjectConfigurationPlatforms) = postSolution
		{03B3A13E-D4C9-455D-BFE1-2FD7567BF8DC}.Debug|Any CPU.ActiveCfg = Debug|Any CPU
		{03B3A13E-D4C9-455D-BFE1-2FD7567BF8DC}.Debug|Any CPU.Build.0 = Debug|Any CPU
		{03B3A13E-D4C9-455D-BFE1-2FD7567BF8DC}.Release|Any CPU.ActiveCfg = Release|Any CPU
		{03B3A13E-D4C9-455D-BFE1-2FD7567BF8DC}.Release|Any CPU.Build.0 = Release|Any CPU
		{EC742FCA-BCB8-4F71-BB08-4A31C1B795C5}.Debug|Any CPU.ActiveCfg = Debug|Any CPU
		{EC742FCA-BCB8-4F71-BB08-4A31C1B795C5}.Debug|Any CPU.Build.0 = Debug|Any CPU
		{EC742FCA-BCB8-4F71-BB08-4A31C1B795C5}.Release|Any CPU.ActiveCfg = Release|Any CPU
		{EC742FCA-BCB8-4F71-BB08-4A31C1B795C5}.Release|Any CPU.Build.0 = Release|Any CPU
	EndGlobalSection
	GlobalSection(SolutionProperties) = preSolution
		HideSolutionNode = FALSE
	EndGlobalSection
	GlobalSection(ExtensibilityGlobals) = postSolution
		SolutionGuid = {D96BA63C-E41F-4D76-9C02-152F2F34C38F}
	EndGlobalSection
EndGlobal
